// !$*UTF8*$!
{
	archiveVersion = 1;
	classes = {
	};
	objectVersion = 77;
	objects = {

/* Begin PBXBuildFile section */
		07E33CAE9C677C98B1B8521D /* AppsView.swift in Sources */ = {isa = PBXBuildFile; fileRef = 7EF4C7D97457F11BB1E53B8F /* AppsView.swift */; };
		15C36247598B82080C9636AD /* AppItem.swift in Sources */ = {isa = PBXBuildFile; fileRef = B1FBDF6113C3DF2C0A49BAE5 /* AppItem.swift */; };
		1A69A988C25126EAF287EC8A /* BrowseView.swift in Sources */ = {isa = PBXBuildFile; fileRef = 4C6590255FF7C0E25685CF16 /* BrowseView.swift */; };
		267DB7684FF482CCADB4F3D0 /* pre-rebase.sample in Resources */ = {isa = PBXBuildFile; fileRef = A94CBEA45FE32004DB86773A /* pre-rebase.sample */; };
		2A49FC0D1A3BD148DCF3C25F /* pre-commit.sample in Resources */ = {isa = PBXBuildFile; fileRef = 26AE93F3D07EECABDE284F5E /* pre-commit.sample */; };
		305B60F55033AC925E337420 /* prepare-commit-msg.sample in Resources */ = {isa = PBXBuildFile; fileRef = E8B64EC43A00BB54E14AE1A5 /* prepare-commit-msg.sample */; };
		36500F5925FC11F521E05C58 /* update.sample in Resources */ = {isa = PBXBuildFile; fileRef = 1EAAB9F63E4E0508B14D0707 /* update.sample */; };
		38BAF598A5D7F923362475ED /* settingsView.swift in Sources */ = {isa = PBXBuildFile; fileRef = 3102446AFA676250B452E47E /* settingsView.swift */; };
		4688A633D08199E2125593E5 /* post-update.sample in Resources */ = {isa = PBXBuildFile; fileRef = 211168A412623E39A03C04C7 /* post-update.sample */; };
		4753A6FC341714B351DAF4BD /* config.worktree in Resources */ = {isa = PBXBuildFile; fileRef = EFEC57B59AB6CD66E4E81FAF /* config.worktree */; };
		60C80D413DB9FFC52CF55CCB /* push-to-checkout.sample in Resources */ = {isa = PBXBuildFile; fileRef = FB7952454708D59E57F819AB /* push-to-checkout.sample */; };
		69A97B0E18E0C5CC56FA9079 /* pre-applypatch.sample in Resources */ = {isa = PBXBuildFile; fileRef = B70264690204C3D7A843D304 /* pre-applypatch.sample */; };
		7550E1A9D4EF6CF703382C2B /* sendemail-validate.sample in Resources */ = {isa = PBXBuildFile; fileRef = 70025458C1EBF859FD7A2E59 /* sendemail-validate.sample */; };
		7D7DBAE1915A8815ED800C6C /* fsmonitor-watchman.sample in Resources */ = {isa = PBXBuildFile; fileRef = EC41FE47E6351A8763D1F149 /* fsmonitor-watchman.sample */; };
		7FC670373B28DB896B555A1E /* commit-msg.sample in Resources */ = {isa = PBXBuildFile; fileRef = E3BB57E6FA1646E92B991D26 /* commit-msg.sample */; };
		80C3FB513836FA634525B021 /* ContentView.swift in Sources */ = {isa = PBXBuildFile; fileRef = 5A6B139A91D0654F5FA06921 /* ContentView.swift */; };
		97E04CA52434976FB72FEC01 /* pre-merge-commit.sample in Resources */ = {isa = PBXBuildFile; fileRef = 8615DB347BE1864E0C8BF2C1 /* pre-merge-commit.sample */; };
		98657DE906F266973545023D /* SourcesView.swift in Sources */ = {isa = PBXBuildFile; fileRef = F0F7EFB5747CA5520EF39518 /* SourcesView.swift */; };
		A6CBB79646CACF67D748B8D2 /* pre-receive.sample in Resources */ = {isa = PBXBuildFile; fileRef = 0735BC5A159C236B733E4D05 /* pre-receive.sample */; };
		AB4B749B196C330AB70E2EE0 /* applypatch-msg.sample in Resources */ = {isa = PBXBuildFile; fileRef = B5C41374AFF1EE78A5F50A81 /* applypatch-msg.sample */; };
		CD211462B296F70F9966CD99 /* LiquidGlass.metal in Sources */ = {isa = PBXBuildFile; fileRef = A7EA97557ABD22E3801826A6 /* LiquidGlass.metal */; };
		CD971D91F4B05735D3102BDD /* OurSignApp.swift in Sources */ = {isa = PBXBuildFile; fileRef = 87D6A86442540458FD29E97C /* OurSignApp.swift */; };
		E83BD1B21F7722AA585F8A04 /* AppCard.swift in Sources */ = {isa = PBXBuildFile; fileRef = 16B148B18D6273355E93ADBA /* AppCard.swift */; };
		EE894B0773DB1CAA3D127E0E /* pre-push.sample in Resources */ = {isa = PBXBuildFile; fileRef = 574552CE748375113C3BC060 /* pre-push.sample */; };
/* End PBXBuildFile section */

/* Begin PBXFileReference section */
		0735BC5A159C236B733E4D05 /* pre-receive.sample */ = {isa = PBXFileReference; path = "pre-receive.sample"; sourceTree = "<group>"; };
		16B148B18D6273355E93ADBA /* AppCard.swift */ = {isa = PBXFileReference; lastKnownFileType = sourcecode.swift; path = AppCard.swift; sourceTree = "<group>"; };
		1C47AD7B163813B9C269937A /* f260b39dd588d3bcdd2db37c7a984fda46fa84 */ = {isa = PBXFileReference; path = f260b39dd588d3bcdd2db37c7a984fda46fa84; sourceTree = "<group>"; };
		1EAAB9F63E4E0508B14D0707 /* update.sample */ = {isa = PBXFileReference; path = update.sample; sourceTree = "<group>"; };
		20F1D8ED9FB3CC20657EA0FA /* cf261cb433d85428ae0086f99e2cad288c4a16 */ = {isa = PBXFileReference; path = cf261cb433d85428ae0086f99e2cad288c4a16; sourceTree = "<group>"; };
		211168A412623E39A03C04C7 /* post-update.sample */ = {isa = PBXFileReference; path = "post-update.sample"; sourceTree = "<group>"; };
		219EE1588FF8120F1FB7BFDC /* 2749c71b8f303ef58bdf4ecf3e2ce5d8983811 */ = {isa = PBXFileReference; path = 2749c71b8f303ef58bdf4ecf3e2ce5d8983811; sourceTree = "<group>"; };
		26AE93F3D07EECABDE284F5E /* pre-commit.sample */ = {isa = PBXFileReference; path = "pre-commit.sample"; sourceTree = "<group>"; };
		2B3EA7D51AB4F3D02AB7CD7E /* 0d79d1b46ccb262b25e31cb754b587a400f562 */ = {isa = PBXFileReference; path = 0d79d1b46ccb262b25e31cb754b587a400f562; sourceTree = "<group>"; };
		3102446AFA676250B452E47E /* settingsView.swift */ = {isa = PBXFileReference; lastKnownFileType = sourcecode.swift; path = settingsView.swift; sourceTree = "<group>"; };
		336E295DCA094AC995EA9D48 /* 1b94c4607c9fe34ffbd8e10ef3ecf5a8f223df */ = {isa = PBXFileReference; path = 1b94c4607c9fe34ffbd8e10ef3ecf5a8f223df; sourceTree = "<group>"; };
		33EBCE897543CA9F3FE1FE29 /* OurSign.app */ = {isa = PBXFileReference; includeInIndex = 0; lastKnownFileType = wrapper.application; path = OurSign.app; sourceTree = BUILT_PRODUCTS_DIR; };
		37D16B58C1282AE5BD21D4EB /* main */ = {isa = PBXFileReference; path = main; sourceTree = "<group>"; };
		44740FC144DA98C73F6E264C /* main */ = {isa = PBXFileReference; path = main; sourceTree = "<group>"; };
		4B0435D68B39C2E92CADFB5B /* exclude */ = {isa = PBXFileReference; path = exclude; sourceTree = "<group>"; };
		4C6590255FF7C0E25685CF16 /* BrowseView.swift */ = {isa = PBXFileReference; lastKnownFileType = sourcecode.swift; path = BrowseView.swift; sourceTree = "<group>"; };
		574552CE748375113C3BC060 /* pre-push.sample */ = {isa = PBXFileReference; path = "pre-push.sample"; sourceTree = "<group>"; };
		586B066731ECE7B079F9E169 /* 8e428f2756c1e9b5e1e27abf76d830f9de43ee */ = {isa = PBXFileReference; path = 8e428f2756c1e9b5e1e27abf76d830f9de43ee; sourceTree = "<group>"; };
		5A6B139A91D0654F5FA06921 /* ContentView.swift */ = {isa = PBXFileReference; lastKnownFileType = sourcecode.swift; path = ContentView.swift; sourceTree = "<group>"; };
		5C4E39B169874D8E043FA4EC /* config */ = {isa = PBXFileReference; path = config; sourceTree = "<group>"; };
		5ED935153E12A6484781CD7D /* 68ee7ee065ac11e8c8c2b55de6fecfdc8e0146 */ = {isa = PBXFileReference; path = 68ee7ee065ac11e8c8c2b55de6fecfdc8e0146; sourceTree = "<group>"; };
		684D2F389EF6C5D7654DB347 /* 1294324a21baf9d49a911cd6ee722633faa6da */ = {isa = PBXFileReference; path = 1294324a21baf9d49a911cd6ee722633faa6da; sourceTree = "<group>"; };
		70025458C1EBF859FD7A2E59 /* sendemail-validate.sample */ = {isa = PBXFileReference; path = "sendemail-validate.sample"; sourceTree = "<group>"; };
		72FC761F6598640195ECE5E6 /* e9799bc243d8ef654610a7a093136590e23be9 */ = {isa = PBXFileReference; path = e9799bc243d8ef654610a7a093136590e23be9; sourceTree = "<group>"; };
		76144E4AD4E784BFA6F65B44 /* 9c24a00c6da2873f31133995ac1dd245a3ef65 */ = {isa = PBXFileReference; path = 9c24a00c6da2873f31133995ac1dd245a3ef65; sourceTree = "<group>"; };
		793B1756E2BCE0D976F0A0E4 /* e5f418f3d8f81dfe222091e1b3dba56668e655 */ = {isa = PBXFileReference; path = e5f418f3d8f81dfe222091e1b3dba56668e655; sourceTree = "<group>"; };
		7EF4C7D97457F11BB1E53B8F /* AppsView.swift */ = {isa = PBXFileReference; lastKnownFileType = sourcecode.swift; path = AppsView.swift; sourceTree = "<group>"; };
		80476D69BF507DCBB18D4C68 /* 8b6fbf8e5f3f44223f56049d09d453d93f5c22 */ = {isa = PBXFileReference; path = 8b6fbf8e5f3f44223f56049d09d453d93f5c22; sourceTree = "<group>"; };
		8615DB347BE1864E0C8BF2C1 /* pre-merge-commit.sample */ = {isa = PBXFileReference; path = "pre-merge-commit.sample"; sourceTree = "<group>"; };
		87D6A86442540458FD29E97C /* OurSignApp.swift */ = {isa = PBXFileReference; lastKnownFileType = sourcecode.swift; path = OurSignApp.swift; sourceTree = "<group>"; };
		920F5C049453E1F7E4049087 /* main */ = {isa = PBXFileReference; path = main; sourceTree = "<group>"; };
		9EFB56C969852934654B6F05 /* index */ = {isa = PBXFileReference; path = index; sourceTree = "<group>"; };
		A7EA97557ABD22E3801826A6 /* LiquidGlass.metal */ = {isa = PBXFileReference; lastKnownFileType = sourcecode.metal; path = LiquidGlass.metal; sourceTree = "<group>"; };
		A8B35BCD138DCCAA2048151F /* 501bec483a07ed826e2306d1e03e516e35168d */ = {isa = PBXFileReference; path = 501bec483a07ed826e2306d1e03e516e35168d; sourceTree = "<group>"; };
		A94CBEA45FE32004DB86773A /* pre-rebase.sample */ = {isa = PBXFileReference; path = "pre-rebase.sample"; sourceTree = "<group>"; };
		B1FBDF6113C3DF2C0A49BAE5 /* AppItem.swift */ = {isa = PBXFileReference; lastKnownFileType = sourcecode.swift; path = AppItem.swift; sourceTree = "<group>"; };
		B5C41374AFF1EE78A5F50A81 /* applypatch-msg.sample */ = {isa = PBXFileReference; path = "applypatch-msg.sample"; sourceTree = "<group>"; };
		B70264690204C3D7A843D304 /* pre-applypatch.sample */ = {isa = PBXFileReference; path = "pre-applypatch.sample"; sourceTree = "<group>"; };
		BCF47B50E20D3BE8FD0A07BD /* HEAD */ = {isa = PBXFileReference; path = HEAD; sourceTree = "<group>"; };
		C5C12B088DEE70EF6CE590D5 /* shallow */ = {isa = PBXFileReference; path = shallow; sourceTree = "<group>"; };
		C83F8B60A8BB472DF233C84E /* FETCH_HEAD */ = {isa = PBXFileReference; path = FETCH_HEAD; sourceTree = "<group>"; };
		CBEA028BFA283683EA9E1A61 /* description */ = {isa = PBXFileReference; path = description; sourceTree = "<group>"; };
		CF2E7120ACF28EC73276CD68 /* acf8a708c0aace2620db4946d46e95dc15a551 */ = {isa = PBXFileReference; path = acf8a708c0aace2620db4946d46e95dc15a551; sourceTree = "<group>"; };
		D768401F1C22B308330516E8 /* main */ = {isa = PBXFileReference; path = main; sourceTree = "<group>"; };
		E3BB57E6FA1646E92B991D26 /* commit-msg.sample */ = {isa = PBXFileReference; path = "commit-msg.sample"; sourceTree = "<group>"; };
		E8B64EC43A00BB54E14AE1A5 /* prepare-commit-msg.sample */ = {isa = PBXFileReference; path = "prepare-commit-msg.sample"; sourceTree = "<group>"; };
		E9610F574FABB97E8B6C5259 /* 89ffff5520d3b6fe2135b8ed07bc5b93a7de1a */ = {isa = PBXFileReference; path = 89ffff5520d3b6fe2135b8ed07bc5b93a7de1a; sourceTree = "<group>"; };
		EC41FE47E6351A8763D1F149 /* fsmonitor-watchman.sample */ = {isa = PBXFileReference; path = "fsmonitor-watchman.sample"; sourceTree = "<group>"; };
		ECCC3172AA0EC30BF7A91324 /* HEAD */ = {isa = PBXFileReference; path = HEAD; sourceTree = "<group>"; };
		EEDB031D8076B68C88BE2267 /* 5350aab95b1d4698abe4f4ca8e11873c4e615c */ = {isa = PBXFileReference; path = 5350aab95b1d4698abe4f4ca8e11873c4e615c; sourceTree = "<group>"; };
		EFEC57B59AB6CD66E4E81FAF /* config.worktree */ = {isa = PBXFileReference; path = config.worktree; sourceTree = "<group>"; };
		F0F7EFB5747CA5520EF39518 /* SourcesView.swift */ = {isa = PBXFileReference; lastKnownFileType = sourcecode.swift; path = SourcesView.swift; sourceTree = "<group>"; };
		FB7952454708D59E57F819AB /* push-to-checkout.sample */ = {isa = PBXFileReference; path = "push-to-checkout.sample"; sourceTree = "<group>"; };
/* End PBXFileReference section */

/* Begin PBXGroup section */
		0AB163CB9E88360E79F748CB /* logs */ = {
			isa = PBXGroup;
			children = (
				BCF47B50E20D3BE8FD0A07BD /* HEAD */,
				285CA8B7770E5893AB2511F7 /* refs */,
			);
			path = logs;
			sourceTree = "<group>";
		};
		1482225C92AC77C0050AB408 /* 12 */ = {
			isa = PBXGroup;
			children = (
				586B066731ECE7B079F9E169 /* 8e428f2756c1e9b5e1e27abf76d830f9de43ee */,
			);
			path = 12;
			sourceTree = "<group>";
		};
		22E46800F8178B80E7ED3C55 = {
			isa = PBXGroup;
			children = (
				EF012A8083652985551144DF /* .git */,
				2F5669AFAEC6B387D21ABC69 /* OurSign */,
				8A6FED4F19D4AB67485F112C /* Products */,
			);
			sourceTree = "<group>";
		};
		285CA8B7770E5893AB2511F7 /* refs */ = {
			isa = PBXGroup;
			children = (
				AE7892E22290ADF432169681 /* heads */,
				7F62EAE7BA8EAD63CE8025C0 /* remotes */,
			);
			path = refs;
			sourceTree = "<group>";
		};
		2F5669AFAEC6B387D21ABC69 /* OurSign */ = {
			isa = PBXGroup;
			children = (
				16B148B18D6273355E93ADBA /* AppCard.swift */,
				B1FBDF6113C3DF2C0A49BAE5 /* AppItem.swift */,
				7EF4C7D97457F11BB1E53B8F /* AppsView.swift */,
				4C6590255FF7C0E25685CF16 /* BrowseView.swift */,
				5A6B139A91D0654F5FA06921 /* ContentView.swift */,
				A7EA97557ABD22E3801826A6 /* LiquidGlass.metal */,
				87D6A86442540458FD29E97C /* OurSignApp.swift */,
				3102446AFA676250B452E47E /* settingsView.swift */,
				F0F7EFB5747CA5520EF39518 /* SourcesView.swift */,
				EF012A8083652985551144DF /* .git */,
			);
			name = OurSign;
			path = .;
			sourceTree = "<group>";
		};
		320B612DBE45035877794861 /* f6 */ = {
			isa = PBXGroup;
			children = (
				793B1756E2BCE0D976F0A0E4 /* e5f418f3d8f81dfe222091e1b3dba56668e655 */,
			);
			path = f6;
			sourceTree = "<group>";
		};
		38B9428994F5DF565078482D /* 03 */ = {
			isa = PBXGroup;
			children = (
				2B3EA7D51AB4F3D02AB7CD7E /* 0d79d1b46ccb262b25e31cb754b587a400f562 */,
			);
			path = 03;
			sourceTree = "<group>";
		};
		4A71F86A35372ADFB1D7EEA9 /* hooks */ = {
			isa = PBXGroup;
			children = (
				B5C41374AFF1EE78A5F50A81 /* applypatch-msg.sample */,
				E3BB57E6FA1646E92B991D26 /* commit-msg.sample */,
				EC41FE47E6351A8763D1F149 /* fsmonitor-watchman.sample */,
				211168A412623E39A03C04C7 /* post-update.sample */,
				B70264690204C3D7A843D304 /* pre-applypatch.sample */,
				26AE93F3D07EECABDE284F5E /* pre-commit.sample */,
				8615DB347BE1864E0C8BF2C1 /* pre-merge-commit.sample */,
				574552CE748375113C3BC060 /* pre-push.sample */,
				A94CBEA45FE32004DB86773A /* pre-rebase.sample */,
				0735BC5A159C236B733E4D05 /* pre-receive.sample */,
				E8B64EC43A00BB54E14AE1A5 /* prepare-commit-msg.sample */,
				FB7952454708D59E57F819AB /* push-to-checkout.sample */,
				70025458C1EBF859FD7A2E59 /* sendemail-validate.sample */,
				1EAAB9F63E4E0508B14D0707 /* update.sample */,
			);
			path = hooks;
			sourceTree = "<group>";
		};
		4CAA25241E0BBB77DAC9672D /* 81 */ = {
			isa = PBXGroup;
			children = (
				72FC761F6598640195ECE5E6 /* e9799bc243d8ef654610a7a093136590e23be9 */,
			);
			path = 81;
			sourceTree = "<group>";
		};
		51D862B8EDEBCF4D19826B65 /* ff */ = {
			isa = PBXGroup;
			children = (
				76144E4AD4E784BFA6F65B44 /* 9c24a00c6da2873f31133995ac1dd245a3ef65 */,
			);
			path = ff;
			sourceTree = "<group>";
		};
		58A7EF2EE62D78F45483C155 /* d5 */ = {
			isa = PBXGroup;
			children = (
				336E295DCA094AC995EA9D48 /* 1b94c4607c9fe34ffbd8e10ef3ecf5a8f223df */,
			);
			path = d5;
			sourceTree = "<group>";
		};
		5B6B455E604614542AEC495D /* 7a */ = {
			isa = PBXGroup;
			children = (
				684D2F389EF6C5D7654DB347 /* 1294324a21baf9d49a911cd6ee722633faa6da */,
			);
			path = 7a;
			sourceTree = "<group>";
		};
		7836EA8F6BD8867A42CB1410 /* info */ = {
			isa = PBXGroup;
			children = (
				4B0435D68B39C2E92CADFB5B /* exclude */,
			);
			path = info;
			sourceTree = "<group>";
		};
		7C8D8D6F08A499FF1B38A50B /* 11 */ = {
			isa = PBXGroup;
			children = (
				1C47AD7B163813B9C269937A /* f260b39dd588d3bcdd2db37c7a984fda46fa84 */,
			);
			path = 11;
			sourceTree = "<group>";
		};
		7F62EAE7BA8EAD63CE8025C0 /* remotes */ = {
			isa = PBXGroup;
			children = (
				C73D05993E56F00FA6635CB3 /* origin */,
			);
			path = remotes;
			sourceTree = "<group>";
		};
		862E0F41F9BEAF11038072C5 /* 4b */ = {
			isa = PBXGroup;
			children = (
				20F1D8ED9FB3CC20657EA0FA /* cf261cb433d85428ae0086f99e2cad288c4a16 */,
			);
			path = 4b;
			sourceTree = "<group>";
		};
		8866565E89AD9F532982AE2D /* origin */ = {
			isa = PBXGroup;
			children = (
				920F5C049453E1F7E4049087 /* main */,
			);
			path = origin;
			sourceTree = "<group>";
		};
		8A6FED4F19D4AB67485F112C /* Products */ = {
			isa = PBXGroup;
			children = (
				33EBCE897543CA9F3FE1FE29 /* OurSign.app */,
			);
			name = Products;
			sourceTree = "<group>";
		};
		AE7892E22290ADF432169681 /* heads */ = {
			isa = PBXGroup;
			children = (
				37D16B58C1282AE5BD21D4EB /* main */,
			);
			path = heads;
			sourceTree = "<group>";
		};
		AEB6FB0CF6AA27E4F69358BB /* remotes */ = {
			isa = PBXGroup;
			children = (
				8866565E89AD9F532982AE2D /* origin */,
			);
			path = remotes;
			sourceTree = "<group>";
		};
		B014588473E8EED5B1543E81 /* be */ = {
			isa = PBXGroup;
			children = (
				219EE1588FF8120F1FB7BFDC /* 2749c71b8f303ef58bdf4ecf3e2ce5d8983811 */,
			);
			path = be;
			sourceTree = "<group>";
		};
		C2FE6781496D8E05C3DB4A9F /* c7 */ = {
			isa = PBXGroup;
			children = (
				E9610F574FABB97E8B6C5259 /* 89ffff5520d3b6fe2135b8ed07bc5b93a7de1a */,
			);
			path = c7;
			sourceTree = "<group>";
		};
		C630C280C311E9FB03215D1E /* 37 */ = {
			isa = PBXGroup;
			children = (
				80476D69BF507DCBB18D4C68 /* 8b6fbf8e5f3f44223f56049d09d453d93f5c22 */,
			);
			path = 37;
			sourceTree = "<group>";
		};
		C73D05993E56F00FA6635CB3 /* origin */ = {
			isa = PBXGroup;
			children = (
				44740FC144DA98C73F6E264C /* main */,
			);
			path = origin;
			sourceTree = "<group>";
		};
		CE155E62867CEA57B858ECFC /* objects */ = {
			isa = PBXGroup;
			children = (
				38B9428994F5DF565078482D /* 03 */,
				E84C929B5CB5ECCD58503AE0 /* 3a */,
				862E0F41F9BEAF11038072C5 /* 4b */,
				5B6B455E604614542AEC495D /* 7a */,
				7C8D8D6F08A499FF1B38A50B /* 11 */,
				1482225C92AC77C0050AB408 /* 12 */,
				C630C280C311E9FB03215D1E /* 37 */,
				4CAA25241E0BBB77DAC9672D /* 81 */,
				FD7237E64FC71B81E9112F44 /* 87 */,
				B014588473E8EED5B1543E81 /* be */,
				C2FE6781496D8E05C3DB4A9F /* c7 */,
				CF155A732FFE0C57B293ED63 /* cc */,
				58A7EF2EE62D78F45483C155 /* d5 */,
				320B612DBE45035877794861 /* f6 */,
				51D862B8EDEBCF4D19826B65 /* ff */,
			);
			path = objects;
			sourceTree = "<group>";
		};
		CF155A732FFE0C57B293ED63 /* cc */ = {
			isa = PBXGroup;
			children = (
				5ED935153E12A6484781CD7D /* 68ee7ee065ac11e8c8c2b55de6fecfdc8e0146 */,
				CF2E7120ACF28EC73276CD68 /* acf8a708c0aace2620db4946d46e95dc15a551 */,
			);
			path = cc;
			sourceTree = "<group>";
		};
		DCBAEA8F78AD86A5C7CAEE0A /* refs */ = {
			isa = PBXGroup;
			children = (
				EF8986BE48B438128A46FE18 /* heads */,
				AEB6FB0CF6AA27E4F69358BB /* remotes */,
			);
			path = refs;
			sourceTree = "<group>";
		};
		E84C929B5CB5ECCD58503AE0 /* 3a */ = {
			isa = PBXGroup;
			children = (
				A8B35BCD138DCCAA2048151F /* 501bec483a07ed826e2306d1e03e516e35168d */,
			);
			path = 3a;
			sourceTree = "<group>";
		};
		EF012A8083652985551144DF /* .git */ = {
			isa = PBXGroup;
			children = (
				5C4E39B169874D8E043FA4EC /* config */,
				EFEC57B59AB6CD66E4E81FAF /* config.worktree */,
				CBEA028BFA283683EA9E1A61 /* description */,
				C83F8B60A8BB472DF233C84E /* FETCH_HEAD */,
				ECCC3172AA0EC30BF7A91324 /* HEAD */,
				9EFB56C969852934654B6F05 /* index */,
				C5C12B088DEE70EF6CE590D5 /* shallow */,
				4A71F86A35372ADFB1D7EEA9 /* hooks */,
				7836EA8F6BD8867A42CB1410 /* info */,
				0AB163CB9E88360E79F748CB /* logs */,
				CE155E62867CEA57B858ECFC /* objects */,
				DCBAEA8F78AD86A5C7CAEE0A /* refs */,
			);
			path = .git;
			sourceTree = "<group>";
		};
		EF8986BE48B438128A46FE18 /* heads */ = {
			isa = PBXGroup;
			children = (
				D768401F1C22B308330516E8 /* main */,
			);
			path = heads;
			sourceTree = "<group>";
		};
		FD7237E64FC71B81E9112F44 /* 87 */ = {
			isa = PBXGroup;
			children = (
				EEDB031D8076B68C88BE2267 /* 5350aab95b1d4698abe4f4ca8e11873c4e615c */,
			);
			path = 87;
			sourceTree = "<group>";
		};
/* End PBXGroup section */

/* Begin PBXNativeTarget section */
		0A5A85634B9B7A7314A85F32 /* OurSign */ = {
			isa = PBXNativeTarget;
			buildConfigurationList = A617A1951F713073266FC147 /* Build configuration list for PBXNativeTarget "OurSign" */;
			buildPhases = (
				BC81096855DACCFE75D8F1DD /* Sources */,
				586C91BF12296081B6FA93EB /* Resources */,
			);
			buildRules = (
			);
			dependencies = (
			);
			name = OurSign;
			packageProductDependencies = (
			);
			productName = OurSign;
			productReference = 33EBCE897543CA9F3FE1FE29 /* OurSign.app */;
			productType = "com.apple.product-type.application";
		};
/* End PBXNativeTarget section */

/* Begin PBXProject section */
		4F588F564C2AA5647A8A0799 /* Project object */ = {
			isa = PBXProject;
			attributes = {
				BuildIndependentTargetsInParallel = YES;
				LastUpgradeCheck = 1430;
				TargetAttributes = {
				};
			};
			buildConfigurationList = C808A9D32997455C24B9831C /* Build configuration list for PBXProject "OurSign" */;
			developmentRegion = en;
			hasScannedForEncodings = 0;
			knownRegions = (
				Base,
				en,
			);
			mainGroup = 22E46800F8178B80E7ED3C55;
			minimizedProjectReferenceProxies = 1;
			preferredProjectObjectVersion = 77;
			productRefGroup = 8A6FED4F19D4AB67485F112C /* Products */;
			projectDirPath = "";
			projectRoot = "";
			targets = (
				0A5A85634B9B7A7314A85F32 /* OurSign */,
			);
		};
/* End PBXProject section */

/* Begin PBXResourcesBuildPhase section */
		586C91BF12296081B6FA93EB /* Resources */ = {
			isa = PBXResourcesBuildPhase;
			buildActionMask = 2147483647;
			files = (
				AB4B749B196C330AB70E2EE0 /* applypatch-msg.sample in Resources */,
				7FC670373B28DB896B555A1E /* commit-msg.sample in Resources */,
				4753A6FC341714B351DAF4BD /* config.worktree in Resources */,
				7D7DBAE1915A8815ED800C6C /* fsmonitor-watchman.sample in Resources */,
				4688A633D08199E2125593E5 /* post-update.sample in Resources */,
				69A97B0E18E0C5CC56FA9079 /* pre-applypatch.sample in Resources */,
				2A49FC0D1A3BD148DCF3C25F /* pre-commit.sample in Resources */,
				97E04CA52434976FB72FEC01 /* pre-merge-commit.sample in Resources */,
				EE894B0773DB1CAA3D127E0E /* pre-push.sample in Resources */,
				267DB7684FF482CCADB4F3D0 /* pre-rebase.sample in Resources */,
				A6CBB79646CACF67D748B8D2 /* pre-receive.sample in Resources */,
				305B60F55033AC925E337420 /* prepare-commit-msg.sample in Resources */,
				60C80D413DB9FFC52CF55CCB /* push-to-checkout.sample in Resources */,
				7550E1A9D4EF6CF703382C2B /* sendemail-validate.sample in Resources */,
				36500F5925FC11F521E05C58 /* update.sample in Resources */,
			);
			runOnlyForDeploymentPostprocessing = 0;
		};
/* End PBXResourcesBuildPhase section */

/* Begin PBXSourcesBuildPhase section */
		BC81096855DACCFE75D8F1DD /* Sources */ = {
			isa = PBXSourcesBuildPhase;
			buildActionMask = 2147483647;
			files = (
				E83BD1B21F7722AA585F8A04 /* AppCard.swift in Sources */,
				15C36247598B82080C9636AD /* AppItem.swift in Sources */,
				07E33CAE9C677C98B1B8521D /* AppsView.swift in Sources */,
				1A69A988C25126EAF287EC8A /* BrowseView.swift in Sources */,
				80C3FB513836FA634525B021 /* ContentView.swift in Sources */,
				CD211462B296F70F9966CD99 /* LiquidGlass.metal in Sources */,
				CD971D91F4B05735D3102BDD /* OurSignApp.swift in Sources */,
				98657DE906F266973545023D /* SourcesView.swift in Sources */,
				38BAF598A5D7F923362475ED /* settingsView.swift in Sources */,
			);
			runOnlyForDeploymentPostprocessing = 0;
		};
/* End PBXSourcesBuildPhase section */

/* Begin XCBuildConfiguration section */
		4D781DDB6CD41E705D982545 /* Release */ = {
			isa = XCBuildConfiguration;
			buildSettings = {
				ASSETCATALOG_COMPILER_APPICON_NAME = AppIcon;
				CODE_SIGN_IDENTITY = "iPhone Developer";
				INFOPLIST_KEY_CFBundleDisplayName = OurSign;
				INFOPLIST_KEY_UIApplicationSceneManifest_Generation = YES;
				IPHONEOS_DEPLOYMENT_TARGET = 26.0;
				LD_RUNPATH_SEARCH_PATHS = (
					"$(inherited)",
					"@executable_path/Frameworks",
				);
				PRODUCT_BUNDLE_IDENTIFIER = com.anar.oursign;
				SDKROOT = iphoneos;
				SWIFT_VERSION = 5.0;
				TARGETED_DEVICE_FAMILY = "1,2";
			};
			name = Release;
		};
		6B5D09806D10963A8DBDE1AB /* Debug */ = {
			isa = XCBuildConfiguration;
			buildSettings = {
				ALWAYS_SEARCH_USER_PATHS = NO;
				CLANG_ANALYZER_NONNULL = YES;
				CLANG_ANALYZER_NUMBER_OBJECT_CONVERSION = YES_AGGRESSIVE;
				CLANG_CXX_LANGUAGE_STANDARD = "gnu++14";
				CLANG_CXX_LIBRARY = "libc++";
				CLANG_ENABLE_MODULES = YES;
				CLANG_ENABLE_OBJC_ARC = YES;
				CLANG_ENABLE_OBJC_WEAK = YES;
				CLANG_WARN_BLOCK_CAPTURE_AUTORELEASING = YES;
				CLANG_WARN_BOOL_CONVERSION = YES;
				CLANG_WARN_COMMA = YES;
				CLANG_WARN_CONSTANT_CONVERSION = YES;
				CLANG_WARN_DEPRECATED_OBJC_IMPLEMENTATIONS = YES;
				CLANG_WARN_DIRECT_OBJC_ISA_USAGE = YES_ERROR;
				CLANG_WARN_DOCUMENTATION_COMMENTS = YES;
				CLANG_WARN_EMPTY_BODY = YES;
				CLANG_WARN_ENUM_CONVERSION = YES;
				CLANG_WARN_INFINITE_RECURSION = YES;
				CLANG_WARN_INT_CONVERSION = YES;
				CLANG_WARN_NON_LITERAL_NULL_CONVERSION = YES;
				CLANG_WARN_OBJC_IMPLICIT_RETAIN_SELF = YES;
				CLANG_WARN_OBJC_LITERAL_CONVERSION = YES;
				CLANG_WARN_OBJC_ROOT_CLASS = YES_ERROR;
				CLANG_WARN_QUOTED_INCLUDE_IN_FRAMEWORK_HEADER = YES;
				CLANG_WARN_RANGE_LOOP_ANALYSIS = YES;
				CLANG_WARN_STRICT_PROTOTYPES = YES;
				CLANG_WARN_SUSPICIOUS_MOVE = YES;
				CLANG_WARN_UNGUARDED_AVAILABILITY = YES_AGGRESSIVE;
				CLANG_WARN_UNREACHABLE_CODE = YES;
				CLANG_WARN__DUPLICATE_METHOD_MATCH = YES;
				COPY_PHASE_STRIP = NO;
				DEBUG_INFORMATION_FORMAT = dwarf;
				ENABLE_STRICT_OBJC_MSGSEND = YES;
				ENABLE_TESTABILITY = YES;
				GCC_C_LANGUAGE_STANDARD = gnu11;
				GCC_DYNAMIC_NO_PIC = NO;
				GCC_NO_COMMON_BLOCKS = YES;
				GCC_OPTIMIZATION_LEVEL = 0;
				GCC_PREPROCESSOR_DEFINITIONS = (
					"$(inherited)",
					"DEBUG=1",
				);
				GCC_WARN_64_TO_32_BIT_CONVERSION = YES;
				GCC_WARN_ABOUT_RETURN_TYPE = YES_ERROR;
				GCC_WARN_UNDECLARED_SELECTOR = YES;
				GCC_WARN_UNINITIALIZED_AUTOS = YES_AGGRESSIVE;
				GCC_WARN_UNUSED_FUNCTION = YES;
				GCC_WARN_UNUSED_VARIABLE = YES;
				MTL_ENABLE_DEBUG_INFO = INCLUDE_SOURCE;
				MTL_FAST_MATH = YES;
				ONLY_ACTIVE_ARCH = YES;
				PRODUCT_NAME = "$(TARGET_NAME)";
				SDKROOT = iphoneos;
				SWIFT_ACTIVE_COMPILATION_CONDITIONS = DEBUG;
				SWIFT_OPTIMIZATION_LEVEL = "-Onone";
				SWIFT_VERSION = 5.0;
			};
			name = Debug;
		};
		9DB3508E64C3165656AAD45C /* Release */ = {
			isa = XCBuildConfiguration;
			buildSettings = {
				ALWAYS_SEARCH_USER_PATHS = NO;
				CLANG_ANALYZER_NONNULL = YES;
				CLANG_ANALYZER_NUMBER_OBJECT_CONVERSION = YES_AGGRESSIVE;
				CLANG_CXX_LANGUAGE_STANDARD = "gnu++14";
				CLANG_CXX_LIBRARY = "libc++";
				CLANG_ENABLE_MODULES = YES;
				CLANG_ENABLE_OBJC_ARC = YES;
				CLANG_ENABLE_OBJC_WEAK = YES;
				CLANG_WARN_BLOCK_CAPTURE_AUTORELEASING = YES;
				CLANG_WARN_BOOL_CONVERSION = YES;
				CLANG_WARN_COMMA = YES;
				CLANG_WARN_CONSTANT_CONVERSION = YES;
				CLANG_WARN_DEPRECATED_OBJC_IMPLEMENTATIONS = YES;
				CLANG_WARN_DIRECT_OBJC_ISA_USAGE = YES_ERROR;
				CLANG_WARN_DOCUMENTATION_COMMENTS = YES;
				CLANG_WARN_EMPTY_BODY = YES;
				CLANG_WARN_ENUM_CONVERSION = YES;
				CLANG_WARN_INFINITE_RECURSION = YES;
				CLANG_WARN_INT_CONVERSION = YES;
				CLANG_WARN_NON_LITERAL_NULL_CONVERSION = YES;
				CLANG_WARN_OBJC_IMPLICIT_RETAIN_SELF = YES;
				CLANG_WARN_OBJC_LITERAL_CONVERSION = YES;
				CLANG_WARN_OBJC_ROOT_CLASS = YES_ERROR;
				CLANG_WARN_QUOTED_INCLUDE_IN_FRAMEWORK_HEADER = YES;
				CLANG_WARN_RANGE_LOOP_ANALYSIS = YES;
				CLANG_WARN_STRICT_PROTOTYPES = YES;
				CLANG_WARN_SUSPICIOUS_MOVE = YES;
				CLANG_WARN_UNGUARDED_AVAILABILITY = YES_AGGRESSIVE;
				CLANG_WARN_UNREACHABLE_CODE = YES;
				CLANG_WARN__DUPLICATE_METHOD_MATCH = YES;
				COPY_PHASE_STRIP = NO;
				DEBUG_INFORMATION_FORMAT = "dwarf-with-dsym";
				ENABLE_NS_ASSERTIONS = NO;
				ENABLE_STRICT_OBJC_MSGSEND = YES;
				GCC_C_LANGUAGE_STANDARD = gnu11;
				GCC_NO_COMMON_BLOCKS = YES;
				GCC_WARN_64_TO_32_BIT_CONVERSION = YES;
				GCC_WARN_ABOUT_RETURN_TYPE = YES_ERROR;
				GCC_WARN_UNDECLARED_SELECTOR = YES;
				GCC_WARN_UNINITIALIZED_AUTOS = YES_AGGRESSIVE;
				GCC_WARN_UNUSED_FUNCTION = YES;
				GCC_WARN_UNUSED_VARIABLE = YES;
				MTL_ENABLE_DEBUG_INFO = NO;
				MTL_FAST_MATH = YES;
				PRODUCT_NAME = "$(TARGET_NAME)";
				SDKROOT = iphoneos;
				SWIFT_COMPILATION_MODE = wholemodule;
				SWIFT_OPTIMIZATION_LEVEL = "-O";
				SWIFT_VERSION = 5.0;
			};
			name = Release;
		};
		CDDA8C0AC985330FD8680A5D /* Debug */ = {
			isa = XCBuildConfiguration;
			buildSettings = {
				ASSETCATALOG_COMPILER_APPICON_NAME = AppIcon;
				CODE_SIGN_IDENTITY = "iPhone Developer";
				INFOPLIST_KEY_CFBundleDisplayName = OurSign;
				INFOPLIST_KEY_UIApplicationSceneManifest_Generation = YES;
				IPHONEOS_DEPLOYMENT_TARGET = 26.0;
				LD_RUNPATH_SEARCH_PATHS = (
					"$(inherited)",
					"@executable_path/Frameworks",
				);
				PRODUCT_BUNDLE_IDENTIFIER = com.anar.oursign;
				SDKROOT = iphoneos;
				SWIFT_VERSION = 5.0;
				TARGETED_DEVICE_FAMILY = "1,2";
			};
			name = Debug;
		};
/* End XCBuildConfiguration section */

/* Begin XCConfigurationList section */
		A617A1951F713073266FC147 /* Build configuration list for PBXNativeTarget "OurSign" */ = {
			isa = XCConfigurationList;
			buildConfigurations = (
				CDDA8C0AC985330FD8680A5D /* Debug */,
				4D781DDB6CD41E705D982545 /* Release */,
			);
			defaultConfigurationIsVisible = 0;
			defaultConfigurationName = Debug;
		};
		C808A9D32997455C24B9831C /* Build configuration list for PBXProject "OurSign" */ = {
			isa = XCConfigurationList;
			buildConfigurations = (
				6B5D09806D10963A8DBDE1AB /* Debug */,
				9DB3508E64C3165656AAD45C /* Release */,
			);
			defaultConfigurationIsVisible = 0;
			defaultConfigurationName = Debug;
		};
/* End XCConfigurationList section */
	};
	rootObject = 4F588F564C2AA5647A8A0799 /* Project object */;
}
